
Microsoft Visual Studio Solution File, Format Version 12.00
# Visual Studio Version 16
VisualStudioVersion = 16.0.31515.178
MinimumVisualStudioVersion = 10.0.40219.1
Project("{9A19103F-16F7-4668-BE54-9A1E7A4F7556}") = "ParallelLabs", "ParralelLabs\ParallelLabs.csproj", "{4A8E9A7C-25D1-443A-B237-38AFC2222D01}"
EndProject
Global
	GlobalSection(SolutionConfigurationPlatforms) = preSolution
		Debug|Any CPU = Debug|Any CPU
		Release|Any CPU = Release|Any CPU
	EndGlobalSection
	GlobalSection(ProjectConfigurationPlatforms) = postSolution
		{4A8E9A7C-25D1-443A-B237-38AFC2222D01}.Debug|Any CPU.ActiveCfg = Debug|Any CPU
		{4A8E9A7C-25D1-443A-B237-38AFC2222D01}.Debug|Any CPU.Build.0 = Debug|Any CPU
		{4A8E9A7C-25D1-443A-B237-38AFC2222D01}.Release|Any CPU.ActiveCfg = Release|Any CPU
		{4A8E9A7C-25D1-443A-B237-38AFC2222D01}.Release|Any CPU.Build.0 = Release|Any CPU
	EndGlobalSection
	GlobalSection(SolutionProperties) = preSolution
		HideSolutionNode = FALSE
	EndGlobalSection
	GlobalSection(ExtensibilityGlobals) = postSolution
		SolutionGuid = {52D705E0-DD92-4A81-A33C-14526F46D645}
	EndGlobalSection
EndGlobal
